{
  "originHash" : "654fca4765897bec2a3a402e9e29ae678a5982d7cac32d330440ba85a5e49ace",
  "pins" : [
    {
      "identity" : "printingkit",
      "kind" : "remoteSourceControl",
      "location" : "https://github.com/danielsaidi/PrintingKit.git",
      "state" : {
        "revision" : "018949ded11713f7c6c6301259f42f36bcb78917",
        "version" : "0.6.0"
      }
    },
    {
      "identity" : "sparkle",
      "kind" : "remoteSourceControl",
      "location" : "https://github.com/sparkle-project/Sparkle",
      "state" : {
        "revision" : "0ef1ee0220239b3776f433314515fd849025673f",
        "version" : "2.6.4"
      }
    }
  ],
  "version" : 3
}
