{
  "originHash" : "654fca4765897bec2a3a402e9e29ae678a5982d7cac32d330440ba85a5e49ace",
  "pins" : [
    {
      "identity" : "printingkit",
      "kind" : "remoteSourceControl",
      "location" : "https://github.com/danielsaidi/PrintingKit.git",
      "state" : {
        "revision" : "36c6d121eefef73af44271b745a9793b8fca0c2e",
        "version" : "0.5.2"
      }
    },
    {
      "identity" : "sparkle",
      "kind" : "remoteSourceControl",
      "location" : "https://github.com/sparkle-project/Sparkle",
      "state" : {
        "revision" : "b456fd404954a9e13f55aa0c88cd5a40b8399638",
        "version" : "2.6.3"
      }
    }
  ],
  "version" : 3
}
